
Microsoft Visual Studio Solution File, Format Version 12.00
# Visual Studio Version 17
VisualStudioVersion = 17.4.33110.190
MinimumVisualStudioVersion = 10.0.40219.1
Project("{FAE04EC0-301F-11D3-BF4B-00C04F79EFBC}") = "LogisticsOnDemmand_Proyecto", "LogisticsOnDemmand_Proyecto.csproj", "{DB4FA5E3-B2B0-43E0-A373-BC1AF266D12D}"
EndProject
Global
	GlobalSection(SolutionConfigurationPlatforms) = preSolution
		Debug|Any CPU = Debug|Any CPU
		Release|Any CPU = Release|Any CPU
	EndGlobalSection
	GlobalSection(ProjectConfigurationPlatforms) = postSolution
		{DB4FA5E3-B2B0-43E0-A373-BC1AF266D12D}.Debug|Any CPU.ActiveCfg = Debug|Any CPU
		{DB4FA5E3-B2B0-43E0-A373-BC1AF266D12D}.Debug|Any CPU.Build.0 = Debug|Any CPU
		{DB4FA5E3-B2B0-43E0-A373-BC1AF266D12D}.Release|Any CPU.ActiveCfg = Release|Any CPU
		{DB4FA5E3-B2B0-43E0-A373-BC1AF266D12D}.Release|Any CPU.Build.0 = Release|Any CPU
	EndGlobalSection
	GlobalSection(SolutionProperties) = preSolution
		HideSolutionNode = FALSE
	EndGlobalSection
	GlobalSection(ExtensibilityGlobals) = postSolution
		SolutionGuid = {DCEF829D-CB86-4785-AB39-E0279ED95D14}
	EndGlobalSection
EndGlobal
